
Microsoft Visual Studio Solution File, Format Version 12.00
# Visual Studio Version 17
VisualStudioVersion = 17.0.31903.59
MinimumVisualStudioVersion = 10.0.40219.1
Project("{FAE04EC0-301F-11D3-BF4B-00C04F79EFBC}") = "comidApp.Core", "comidApp.Core\comidApp.Core.csproj", "{BD14C124-9DB0-4490-8355-89769A76B598}"
EndProject
Project("{FAE04EC0-301F-11D3-BF4B-00C04F79EFBC}") = "comidApp.Adoet12", "comidApp.Adoet12\comidApp.Adoet12.csproj", "{89021130-103E-41B8-9C68-699E466E1658}"
EndProject
Project("{FAE04EC0-301F-11D3-BF4B-00C04F79EFBC}") = "comidApp.Adoet12.Test", "comidApp.Adoet12.Test\comidApp.Adoet12.Test.csproj", "{33787C01-5EB9-494A-A165-3462D0D05D6C}"
EndProject
Project("{FAE04EC0-301F-11D3-BF4B-00C04F79EFBC}") = "comidApp.MVC", "comidApp.MVC\comidApp.MVC.csproj", "{722E891D-4C60-423B-B5F9-FEB1C657F11D}"
EndProject
Global
	GlobalSection(SolutionConfigurationPlatforms) = preSolution
		Debug|Any CPU = Debug|Any CPU
		Release|Any CPU = Release|Any CPU
	EndGlobalSection
	GlobalSection(SolutionProperties) = preSolution
		HideSolutionNode = FALSE
	EndGlobalSection
	GlobalSection(ProjectConfigurationPlatforms) = postSolution
		{BD14C124-9DB0-4490-8355-89769A76B598}.Debug|Any CPU.ActiveCfg = Debug|Any CPU
		{BD14C124-9DB0-4490-8355-89769A76B598}.Debug|Any CPU.Build.0 = Debug|Any CPU
		{BD14C124-9DB0-4490-8355-89769A76B598}.Release|Any CPU.ActiveCfg = Release|Any CPU
		{BD14C124-9DB0-4490-8355-89769A76B598}.Release|Any CPU.Build.0 = Release|Any CPU
		{89021130-103E-41B8-9C68-699E466E1658}.Debug|Any CPU.ActiveCfg = Debug|Any CPU
		{89021130-103E-41B8-9C68-699E466E1658}.Debug|Any CPU.Build.0 = Debug|Any CPU
		{89021130-103E-41B8-9C68-699E466E1658}.Release|Any CPU.ActiveCfg = Release|Any CPU
		{89021130-103E-41B8-9C68-699E466E1658}.Release|Any CPU.Build.0 = Release|Any CPU
		{33787C01-5EB9-494A-A165-3462D0D05D6C}.Debug|Any CPU.ActiveCfg = Debug|Any CPU
		{33787C01-5EB9-494A-A165-3462D0D05D6C}.Debug|Any CPU.Build.0 = Debug|Any CPU
		{33787C01-5EB9-494A-A165-3462D0D05D6C}.Release|Any CPU.ActiveCfg = Release|Any CPU
		{33787C01-5EB9-494A-A165-3462D0D05D6C}.Release|Any CPU.Build.0 = Release|Any CPU
		{722E891D-4C60-423B-B5F9-FEB1C657F11D}.Debug|Any CPU.ActiveCfg = Debug|Any CPU
		{722E891D-4C60-423B-B5F9-FEB1C657F11D}.Debug|Any CPU.Build.0 = Debug|Any CPU
		{722E891D-4C60-423B-B5F9-FEB1C657F11D}.Release|Any CPU.ActiveCfg = Release|Any CPU
		{722E891D-4C60-423B-B5F9-FEB1C657F11D}.Release|Any CPU.Build.0 = Release|Any CPU
	EndGlobalSection
EndGlobal
